// !$*UTF8*$!
{
	archiveVersion = 1;
	classes = {
	};
	objectVersion = 56;
	objects = {

/* Begin PBXBuildFile section */
		4C30447129ACBE0D004F61DE /* TogglMockApp.swift in Sources */ = {isa = PBXBuildFile; fileRef = 4C30447029ACBE0D004F61DE /* TogglMockApp.swift */; };
		4C30447329ACBE0D004F61DE /* ContentView.swift in Sources */ = {isa = PBXBuildFile; fileRef = 4C30447229ACBE0D004F61DE /* ContentView.swift */; };
		4C30447529ACBE0E004F61DE /* Assets.xcassets in Resources */ = {isa = PBXBuildFile; fileRef = 4C30447429ACBE0E004F61DE /* Assets.xcassets */; };
		4C30447829ACBE0E004F61DE /* Preview Assets.xcassets in Resources */ = {isa = PBXBuildFile; fileRef = 4C30447729ACBE0E004F61DE /* Preview Assets.xcassets */; };
		4C30449B29ACBEAF004F61DE /* ActivityCreationView.swift in Sources */ = {isa = PBXBuildFile; fileRef = 4C30449A29ACBEAF004F61DE /* ActivityCreationView.swift */; };
		4C30449D29ACC3C9004F61DE /* ActivityCreationViewStoreTests.swift in Sources */ = {isa = PBXBuildFile; fileRef = 4C30449C29ACC3C9004F61DE /* ActivityCreationViewStoreTests.swift */; };
		4C30449F29ACCFAB004F61DE /* ActivitiesView.swift in Sources */ = {isa = PBXBuildFile; fileRef = 4C30449E29ACCFAB004F61DE /* ActivitiesView.swift */; };
		4C3044A129ACD05E004F61DE /* ActivitiesViewStore.swift in Sources */ = {isa = PBXBuildFile; fileRef = 4C3044A029ACD05E004F61DE /* ActivitiesViewStore.swift */; };
		4C3044A329ACD096004F61DE /* Activity.swift in Sources */ = {isa = PBXBuildFile; fileRef = 4C3044A229ACD096004F61DE /* Activity.swift */; };
		4C3044A529ACD1A2004F61DE /* UserDefaultsActivitiesService.swift in Sources */ = {isa = PBXBuildFile; fileRef = 4C3044A429ACD1A2004F61DE /* UserDefaultsActivitiesService.swift */; };
		4C3044A729ACD1CF004F61DE /* ActivityCreationViewStore.swift in Sources */ = {isa = PBXBuildFile; fileRef = 4C3044A629ACD1CF004F61DE /* ActivityCreationViewStore.swift */; };
		4C3044AB29ACD580004F61DE /* ActivitiesViewStoreTests.swift in Sources */ = {isa = PBXBuildFile; fileRef = 4C3044AA29ACD580004F61DE /* ActivitiesViewStoreTests.swift */; };
		4C3044AD29ACD771004F61DE /* DateFormatter+additions.swift in Sources */ = {isa = PBXBuildFile; fileRef = 4C3044AC29ACD771004F61DE /* DateFormatter+additions.swift */; };
		4C3044AF29ACF582004F61DE /* ModelStubs.swift in Sources */ = {isa = PBXBuildFile; fileRef = 4C3044AE29ACF582004F61DE /* ModelStubs.swift */; };
		4C3044B129AD068D004F61DE /* XCTestCase+additions.swift in Sources */ = {isa = PBXBuildFile; fileRef = 4C3044B029AD068D004F61DE /* XCTestCase+additions.swift */; };
/* End PBXBuildFile section */

/* Begin PBXContainerItemProxy section */
		4C30447E29ACBE0E004F61DE /* PBXContainerItemProxy */ = {
			isa = PBXContainerItemProxy;
			containerPortal = 4C30446529ACBE0D004F61DE /* Project object */;
			proxyType = 1;
			remoteGlobalIDString = 4C30446C29ACBE0D004F61DE;
			remoteInfo = TogglMock;
		};
/* End PBXContainerItemProxy section */

/* Begin PBXFileReference section */
		4C30446D29ACBE0D004F61DE /* TogglMock.app */ = {isa = PBXFileReference; explicitFileType = wrapper.application; includeInIndex = 0; path = TogglMock.app; sourceTree = BUILT_PRODUCTS_DIR; };
		4C30447029ACBE0D004F61DE /* TogglMockApp.swift */ = {isa = PBXFileReference; lastKnownFileType = sourcecode.swift; path = TogglMockApp.swift; sourceTree = "<group>"; };
		4C30447229ACBE0D004F61DE /* ContentView.swift */ = {isa = PBXFileReference; lastKnownFileType = sourcecode.swift; path = ContentView.swift; sourceTree = "<group>"; };
		4C30447429ACBE0E004F61DE /* Assets.xcassets */ = {isa = PBXFileReference; lastKnownFileType = folder.assetcatalog; path = Assets.xcassets; sourceTree = "<group>"; };
		4C30447729ACBE0E004F61DE /* Preview Assets.xcassets */ = {isa = PBXFileReference; lastKnownFileType = folder.assetcatalog; path = "Preview Assets.xcassets"; sourceTree = "<group>"; };
		4C30447D29ACBE0E004F61DE /* TogglMockTests.xctest */ = {isa = PBXFileReference; explicitFileType = wrapper.cfbundle; includeInIndex = 0; path = TogglMockTests.xctest; sourceTree = BUILT_PRODUCTS_DIR; };
		4C30449A29ACBEAF004F61DE /* ActivityCreationView.swift */ = {isa = PBXFileReference; lastKnownFileType = sourcecode.swift; path = ActivityCreationView.swift; sourceTree = "<group>"; };
		4C30449C29ACC3C9004F61DE /* ActivityCreationViewStoreTests.swift */ = {isa = PBXFileReference; lastKnownFileType = sourcecode.swift; path = ActivityCreationViewStoreTests.swift; sourceTree = "<group>"; };
		4C30449E29ACCFAB004F61DE /* ActivitiesView.swift */ = {isa = PBXFileReference; lastKnownFileType = sourcecode.swift; path = ActivitiesView.swift; sourceTree = "<group>"; };
		4C3044A029ACD05E004F61DE /* ActivitiesViewStore.swift */ = {isa = PBXFileReference; lastKnownFileType = sourcecode.swift; path = ActivitiesViewStore.swift; sourceTree = "<group>"; };
		4C3044A229ACD096004F61DE /* Activity.swift */ = {isa = PBXFileReference; lastKnownFileType = sourcecode.swift; path = Activity.swift; sourceTree = "<group>"; };
		4C3044A429ACD1A2004F61DE /* UserDefaultsActivitiesService.swift */ = {isa = PBXFileReference; lastKnownFileType = sourcecode.swift; path = UserDefaultsActivitiesService.swift; sourceTree = "<group>"; };
		4C3044A629ACD1CF004F61DE /* ActivityCreationViewStore.swift */ = {isa = PBXFileReference; lastKnownFileType = sourcecode.swift; path = ActivityCreationViewStore.swift; sourceTree = "<group>"; };
		4C3044AA29ACD580004F61DE /* ActivitiesViewStoreTests.swift */ = {isa = PBXFileReference; lastKnownFileType = sourcecode.swift; path = ActivitiesViewStoreTests.swift; sourceTree = "<group>"; };
		4C3044AC29ACD771004F61DE /* DateFormatter+additions.swift */ = {isa = PBXFileReference; lastKnownFileType = sourcecode.swift; path = "DateFormatter+additions.swift"; sourceTree = "<group>"; };
		4C3044AE29ACF582004F61DE /* ModelStubs.swift */ = {isa = PBXFileReference; lastKnownFileType = sourcecode.swift; path = ModelStubs.swift; sourceTree = "<group>"; };
		4C3044B029AD068D004F61DE /* XCTestCase+additions.swift */ = {isa = PBXFileReference; lastKnownFileType = sourcecode.swift; path = "XCTestCase+additions.swift"; sourceTree = "<group>"; };
/* End PBXFileReference section */

/* Begin PBXFrameworksBuildPhase section */
		4C30446A29ACBE0D004F61DE /* Frameworks */ = {
			isa = PBXFrameworksBuildPhase;
			buildActionMask = 2147483647;
			files = (
			);
			runOnlyForDeploymentPostprocessing = 0;
		};
		4C30447A29ACBE0E004F61DE /* Frameworks */ = {
			isa = PBXFrameworksBuildPhase;
			buildActionMask = 2147483647;
			files = (
			);
			runOnlyForDeploymentPostprocessing = 0;
		};
/* End PBXFrameworksBuildPhase section */

/* Begin PBXGroup section */
		4C30446429ACBE0D004F61DE = {
			isa = PBXGroup;
			children = (
				4C30446F29ACBE0D004F61DE /* TogglMock */,
				4C30448029ACBE0E004F61DE /* TogglMockTests */,
				4C30446E29ACBE0D004F61DE /* Products */,
			);
			sourceTree = "<group>";
		};
		4C30446E29ACBE0D004F61DE /* Products */ = {
			isa = PBXGroup;
			children = (
				4C30446D29ACBE0D004F61DE /* TogglMock.app */,
				4C30447D29ACBE0E004F61DE /* TogglMockTests.xctest */,
			);
			name = Products;
			sourceTree = "<group>";
		};
		4C30446F29ACBE0D004F61DE /* TogglMock */ = {
			isa = PBXGroup;
			children = (
				4C30447029ACBE0D004F61DE /* TogglMockApp.swift */,
				4C30447229ACBE0D004F61DE /* ContentView.swift */,
				4C30449A29ACBEAF004F61DE /* ActivityCreationView.swift */,
				4C3044A629ACD1CF004F61DE /* ActivityCreationViewStore.swift */,
				4C30449E29ACCFAB004F61DE /* ActivitiesView.swift */,
				4C3044A029ACD05E004F61DE /* ActivitiesViewStore.swift */,
				4C3044A229ACD096004F61DE /* Activity.swift */,
				4C3044A429ACD1A2004F61DE /* UserDefaultsActivitiesService.swift */,
				4C3044AC29ACD771004F61DE /* DateFormatter+additions.swift */,
				4C30447429ACBE0E004F61DE /* Assets.xcassets */,
				4C30447629ACBE0E004F61DE /* Preview Content */,
			);
			path = TogglMock;
			sourceTree = "<group>";
		};
		4C30447629ACBE0E004F61DE /* Preview Content */ = {
			isa = PBXGroup;
			children = (
				4C30447729ACBE0E004F61DE /* Preview Assets.xcassets */,
			);
			path = "Preview Content";
			sourceTree = "<group>";
		};
		4C30448029ACBE0E004F61DE /* TogglMockTests */ = {
			isa = PBXGroup;
			children = (
				4C30449C29ACC3C9004F61DE /* ActivityCreationViewStoreTests.swift */,
				4C3044AA29ACD580004F61DE /* ActivitiesViewStoreTests.swift */,
				4C3044AE29ACF582004F61DE /* ModelStubs.swift */,
				4C3044B029AD068D004F61DE /* XCTestCase+additions.swift */,
			);
			path = TogglMockTests;
			sourceTree = "<group>";
		};
/* End PBXGroup section */

/* Begin PBXNativeTarget section */
		4C30446C29ACBE0D004F61DE /* TogglMock */ = {
			isa = PBXNativeTarget;
			buildConfigurationList = 4C30449129ACBE0E004F61DE /* Build configuration list for PBXNativeTarget "TogglMock" */;
			buildPhases = (
				4C30446929ACBE0D004F61DE /* Sources */,
				4C30446A29ACBE0D004F61DE /* Frameworks */,
				4C30446B29ACBE0D004F61DE /* Resources */,
			);
			buildRules = (
			);
			dependencies = (
			);
			name = TogglMock;
			productName = TogglMock;
			productReference = 4C30446D29ACBE0D004F61DE /* TogglMock.app */;
			productType = "com.apple.product-type.application";
		};
		4C30447C29ACBE0E004F61DE /* TogglMockTests */ = {
			isa = PBXNativeTarget;
			buildConfigurationList = 4C30449429ACBE0E004F61DE /* Build configuration list for PBXNativeTarget "TogglMockTests" */;
			buildPhases = (
				4C30447929ACBE0E004F61DE /* Sources */,
				4C30447A29ACBE0E004F61DE /* Frameworks */,
				4C30447B29ACBE0E004F61DE /* Resources */,
			);
			buildRules = (
			);
			dependencies = (
				4C30447F29ACBE0E004F61DE /* PBXTargetDependency */,
			);
			name = TogglMockTests;
			productName = TogglMockTests;
			productReference = 4C30447D29ACBE0E004F61DE /* TogglMockTests.xctest */;
			productType = "com.apple.product-type.bundle.unit-test";
		};
/* End PBXNativeTarget section */

/* Begin PBXProject section */
		4C30446529ACBE0D004F61DE /* Project object */ = {
			isa = PBXProject;
			attributes = {
				BuildIndependentTargetsInParallel = 1;
				LastSwiftUpdateCheck = 1420;
				LastUpgradeCheck = 1420;
				TargetAttributes = {
					4C30446C29ACBE0D004F61DE = {
						CreatedOnToolsVersion = 14.2;
					};
					4C30447C29ACBE0E004F61DE = {
						CreatedOnToolsVersion = 14.2;
						TestTargetID = 4C30446C29ACBE0D004F61DE;
					};
				};
			};
			buildConfigurationList = 4C30446829ACBE0D004F61DE /* Build configuration list for PBXProject "TogglMock" */;
			compatibilityVersion = "Xcode 14.0";
			developmentRegion = en;
			hasScannedForEncodings = 0;
			knownRegions = (
				en,
				Base,
			);
			mainGroup = 4C30446429ACBE0D004F61DE;
			productRefGroup = 4C30446E29ACBE0D004F61DE /* Products */;
			projectDirPath = "";
			projectRoot = "";
			targets = (
				4C30446C29ACBE0D004F61DE /* TogglMock */,
				4C30447C29ACBE0E004F61DE /* TogglMockTests */,
			);
		};
/* End PBXProject section */

/* Begin PBXResourcesBuildPhase section */
		4C30446B29ACBE0D004F61DE /* Resources */ = {
			isa = PBXResourcesBuildPhase;
			buildActionMask = 2147483647;
			files = (
				4C30447829ACBE0E004F61DE /* Preview Assets.xcassets in Resources */,
				4C30447529ACBE0E004F61DE /* Assets.xcassets in Resources */,
			);
			runOnlyForDeploymentPostprocessing = 0;
		};
		4C30447B29ACBE0E004F61DE /* Resources */ = {
			isa = PBXResourcesBuildPhase;
			buildActionMask = 2147483647;
			files = (
			);
			runOnlyForDeploymentPostprocessing = 0;
		};
/* End PBXResourcesBuildPhase section */

/* Begin PBXSourcesBuildPhase section */
		4C30446929ACBE0D004F61DE /* Sources */ = {
			isa = PBXSourcesBuildPhase;
			buildActionMask = 2147483647;
			files = (
				4C3044A329ACD096004F61DE /* Activity.swift in Sources */,
				4C30447329ACBE0D004F61DE /* ContentView.swift in Sources */,
				4C30447129ACBE0D004F61DE /* TogglMockApp.swift in Sources */,
				4C30449B29ACBEAF004F61DE /* ActivityCreationView.swift in Sources */,
				4C3044AD29ACD771004F61DE /* DateFormatter+additions.swift in Sources */,
				4C3044A729ACD1CF004F61DE /* ActivityCreationViewStore.swift in Sources */,
				4C3044A129ACD05E004F61DE /* ActivitiesViewStore.swift in Sources */,
				4C30449F29ACCFAB004F61DE /* ActivitiesView.swift in Sources */,
				4C3044A529ACD1A2004F61DE /* UserDefaultsActivitiesService.swift in Sources */,
			);
			runOnlyForDeploymentPostprocessing = 0;
		};
		4C30447929ACBE0E004F61DE /* Sources */ = {
			isa = PBXSourcesBuildPhase;
			buildActionMask = 2147483647;
			files = (
				4C30449D29ACC3C9004F61DE /* ActivityCreationViewStoreTests.swift in Sources */,
				4C3044AB29ACD580004F61DE /* ActivitiesViewStoreTests.swift in Sources */,
				4C3044B129AD068D004F61DE /* XCTestCase+additions.swift in Sources */,
				4C3044AF29ACF582004F61DE /* ModelStubs.swift in Sources */,
			);
			runOnlyForDeploymentPostprocessing = 0;
		};
/* End PBXSourcesBuildPhase section */

/* Begin PBXTargetDependency section */
		4C30447F29ACBE0E004F61DE /* PBXTargetDependency */ = {
			isa = PBXTargetDependency;
			target = 4C30446C29ACBE0D004F61DE /* TogglMock */;
			targetProxy = 4C30447E29ACBE0E004F61DE /* PBXContainerItemProxy */;
		};
/* End PBXTargetDependency section */

/* Begin XCBuildConfiguration section */
		4C30448F29ACBE0E004F61DE /* Debug */ = {
			isa = XCBuildConfiguration;
			buildSettings = {
				ALWAYS_SEARCH_USER_PATHS = NO;
				CLANG_ANALYZER_NONNULL = YES;
				CLANG_ANALYZER_NUMBER_OBJECT_CONVERSION = YES_AGGRESSIVE;
				CLANG_CXX_LANGUAGE_STANDARD = "gnu++20";
				CLANG_ENABLE_MODULES = YES;
				CLANG_ENABLE_OBJC_ARC = YES;
				CLANG_ENABLE_OBJC_WEAK = YES;
				CLANG_WARN_BLOCK_CAPTURE_AUTORELEASING = YES;
				CLANG_WARN_BOOL_CONVERSION = YES;
				CLANG_WARN_COMMA = YES;
				CLANG_WARN_CONSTANT_CONVERSION = YES;
				CLANG_WARN_DEPRECATED_OBJC_IMPLEMENTATIONS = YES;
				CLANG_WARN_DIRECT_OBJC_ISA_USAGE = YES_ERROR;
				CLANG_WARN_DOCUMENTATION_COMMENTS = YES;
				CLANG_WARN_EMPTY_BODY = YES;
				CLANG_WARN_ENUM_CONVERSION = YES;
				CLANG_WARN_INFINITE_RECURSION = YES;
				CLANG_WARN_INT_CONVERSION = YES;
				CLANG_WARN_NON_LITERAL_NULL_CONVERSION = YES;
				CLANG_WARN_OBJC_IMPLICIT_RETAIN_SELF = YES;
				CLANG_WARN_OBJC_LITERAL_CONVERSION = YES;
				CLANG_WARN_OBJC_ROOT_CLASS = YES_ERROR;
				CLANG_WARN_QUOTED_INCLUDE_IN_FRAMEWORK_HEADER = YES;
				CLANG_WARN_RANGE_LOOP_ANALYSIS = YES;
				CLANG_WARN_STRICT_PROTOTYPES = YES;
				CLANG_WARN_SUSPICIOUS_MOVE = YES;
				CLANG_WARN_UNGUARDED_AVAILABILITY = YES_AGGRESSIVE;
				CLANG_WARN_UNREACHABLE_CODE = YES;
				CLANG_WARN__DUPLICATE_METHOD_MATCH = YES;
				COPY_PHASE_STRIP = NO;
				DEBUG_INFORMATION_FORMAT = dwarf;
				ENABLE_STRICT_OBJC_MSGSEND = YES;
				ENABLE_TESTABILITY = YES;
				GCC_C_LANGUAGE_STANDARD = gnu11;
				GCC_DYNAMIC_NO_PIC = NO;
				GCC_NO_COMMON_BLOCKS = YES;
				GCC_OPTIMIZATION_LEVEL = 0;
				GCC_PREPROCESSOR_DEFINITIONS = (
					"DEBUG=1",
					"$(inherited)",
				);
				GCC_WARN_64_TO_32_BIT_CONVERSION = YES;
				GCC_WARN_ABOUT_RETURN_TYPE = YES_ERROR;
				GCC_WARN_UNDECLARED_SELECTOR = YES;
				GCC_WARN_UNINITIALIZED_AUTOS = YES_AGGRESSIVE;
				GCC_WARN_UNUSED_FUNCTION = YES;
				GCC_WARN_UNUSED_VARIABLE = YES;
				IPHONEOS_DEPLOYMENT_TARGET = 16.2;
				MTL_ENABLE_DEBUG_INFO = INCLUDE_SOURCE;
				MTL_FAST_MATH = YES;
				ONLY_ACTIVE_ARCH = YES;
				SDKROOT = iphoneos;
				SWIFT_ACTIVE_COMPILATION_CONDITIONS = DEBUG;
				SWIFT_OPTIMIZATION_LEVEL = "-Onone";
			};
			name = Debug;
		};
		4C30449029ACBE0E004F61DE /* Release */ = {
			isa = XCBuildConfiguration;
			buildSettings = {
				ALWAYS_SEARCH_USER_PATHS = NO;
				CLANG_ANALYZER_NONNULL = YES;
				CLANG_ANALYZER_NUMBER_OBJECT_CONVERSION = YES_AGGRESSIVE;
				CLANG_CXX_LANGUAGE_STANDARD = "gnu++20";
				CLANG_ENABLE_MODULES = YES;
				CLANG_ENABLE_OBJC_ARC = YES;
				CLANG_ENABLE_OBJC_WEAK = YES;
				CLANG_WARN_BLOCK_CAPTURE_AUTORELEASING = YES;
				CLANG_WARN_BOOL_CONVERSION = YES;
				CLANG_WARN_COMMA = YES;
				CLANG_WARN_CONSTANT_CONVERSION = YES;
				CLANG_WARN_DEPRECATED_OBJC_IMPLEMENTATIONS = YES;
				CLANG_WARN_DIRECT_OBJC_ISA_USAGE = YES_ERROR;
				CLANG_WARN_DOCUMENTATION_COMMENTS = YES;
				CLANG_WARN_EMPTY_BODY = YES;
				CLANG_WARN_ENUM_CONVERSION = YES;
				CLANG_WARN_INFINITE_RECURSION = YES;
				CLANG_WARN_INT_CONVERSION = YES;
				CLANG_WARN_NON_LITERAL_NULL_CONVERSION = YES;
				CLANG_WARN_OBJC_IMPLICIT_RETAIN_SELF = YES;
				CLANG_WARN_OBJC_LITERAL_CONVERSION = YES;
				CLANG_WARN_OBJC_ROOT_CLASS = YES_ERROR;
				CLANG_WARN_QUOTED_INCLUDE_IN_FRAMEWORK_HEADER = YES;
				CLANG_WARN_RANGE_LOOP_ANALYSIS = YES;
				CLANG_WARN_STRICT_PROTOTYPES = YES;
				CLANG_WARN_SUSPICIOUS_MOVE = YES;
				CLANG_WARN_UNGUARDED_AVAILABILITY = YES_AGGRESSIVE;
				CLANG_WARN_UNREACHABLE_CODE = YES;
				CLANG_WARN__DUPLICATE_METHOD_MATCH = YES;
				COPY_PHASE_STRIP = NO;
				DEBUG_INFORMATION_FORMAT = "dwarf-with-dsym";
				ENABLE_NS_ASSERTIONS = NO;
				ENABLE_STRICT_OBJC_MSGSEND = YES;
				GCC_C_LANGUAGE_STANDARD = gnu11;
				GCC_NO_COMMON_BLOCKS = YES;
				GCC_WARN_64_TO_32_BIT_CONVERSION = YES;
				GCC_WARN_ABOUT_RETURN_TYPE = YES_ERROR;
				GCC_WARN_UNDECLARED_SELECTOR = YES;
				GCC_WARN_UNINITIALIZED_AUTOS = YES_AGGRESSIVE;
				GCC_WARN_UNUSED_FUNCTION = YES;
				GCC_WARN_UNUSED_VARIABLE = YES;
				IPHONEOS_DEPLOYMENT_TARGET = 16.2;
				MTL_ENABLE_DEBUG_INFO = NO;
				MTL_FAST_MATH = YES;
				SDKROOT = iphoneos;
				SWIFT_COMPILATION_MODE = wholemodule;
				SWIFT_OPTIMIZATION_LEVEL = "-O";
				VALIDATE_PRODUCT = YES;
			};
			name = Release;
		};
		4C30449229ACBE0E004F61DE /* Debug */ = {
			isa = XCBuildConfiguration;
			buildSettings = {
				ASSETCATALOG_COMPILER_APPICON_NAME = AppIcon;
				ASSETCATALOG_COMPILER_GLOBAL_ACCENT_COLOR_NAME = AccentColor;
				CODE_SIGN_STYLE = Automatic;
				CURRENT_PROJECT_VERSION = 1;
				DEVELOPMENT_ASSET_PATHS = "\"TogglMock/Preview Content\"";
				DEVELOPMENT_TEAM = P5392P8M2S;
				ENABLE_PREVIEWS = YES;
				GENERATE_INFOPLIST_FILE = YES;
				INFOPLIST_KEY_UIApplicationSceneManifest_Generation = YES;
				INFOPLIST_KEY_UIApplicationSupportsIndirectInputEvents = YES;
				INFOPLIST_KEY_UILaunchScreen_Generation = YES;
				INFOPLIST_KEY_UISupportedInterfaceOrientations_iPad = "UIInterfaceOrientationPortrait UIInterfaceOrientationPortraitUpsideDown UIInterfaceOrientationLandscapeLeft UIInterfaceOrientationLandscapeRight";
				INFOPLIST_KEY_UISupportedInterfaceOrientations_iPhone = "UIInterfaceOrientationPortrait UIInterfaceOrientationLandscapeLeft UIInterfaceOrientationLandscapeRight";
				LD_RUNPATH_SEARCH_PATHS = (
					"$(inherited)",
					"@executable_path/Frameworks",
				);
				MARKETING_VERSION = 1.0;
				PRODUCT_BUNDLE_IDENTIFIER = toggle.mock.TogglMock;
				PRODUCT_NAME = "$(TARGET_NAME)";
				SWIFT_EMIT_LOC_STRINGS = YES;
				SWIFT_VERSION = 5.0;
				TARGETED_DEVICE_FAMILY = "1,2";
			};
			name = Debug;
		};
		4C30449329ACBE0E004F61DE /* Release */ = {
			isa = XCBuildConfiguration;
			buildSettings = {
				ASSETCATALOG_COMPILER_APPICON_NAME = AppIcon;
				ASSETCATALOG_COMPILER_GLOBAL_ACCENT_COLOR_NAME = AccentColor;
				CODE_SIGN_STYLE = Automatic;
				CURRENT_PROJECT_VERSION = 1;
				DEVELOPMENT_ASSET_PATHS = "\"TogglMock/Preview Content\"";
				DEVELOPMENT_TEAM = P5392P8M2S;
				ENABLE_PREVIEWS = YES;
				GENERATE_INFOPLIST_FILE = YES;
				INFOPLIST_KEY_UIApplicationSceneManifest_Generation = YES;
				INFOPLIST_KEY_UIApplicationSupportsIndirectInputEvents = YES;
				INFOPLIST_KEY_UILaunchScreen_Generation = YES;
				INFOPLIST_KEY_UISupportedInterfaceOrientations_iPad = "UIInterfaceOrientationPortrait UIInterfaceOrientationPortraitUpsideDown UIInterfaceOrientationLandscapeLeft UIInterfaceOrientationLandscapeRight";
				INFOPLIST_KEY_UISupportedInterfaceOrientations_iPhone = "UIInterfaceOrientationPortrait UIInterfaceOrientationLandscapeLeft UIInterfaceOrientationLandscapeRight";
				LD_RUNPATH_SEARCH_PATHS = (
					"$(inherited)",
					"@executable_path/Frameworks",
				);
				MARKETING_VERSION = 1.0;
				PRODUCT_BUNDLE_IDENTIFIER = toggle.mock.TogglMock;
				PRODUCT_NAME = "$(TARGET_NAME)";
				SWIFT_EMIT_LOC_STRINGS = YES;
				SWIFT_VERSION = 5.0;
				TARGETED_DEVICE_FAMILY = "1,2";
			};
			name = Release;
		};
		4C30449529ACBE0E004F61DE /* Debug */ = {
			isa = XCBuildConfiguration;
			buildSettings = {
				ALWAYS_EMBED_SWIFT_STANDARD_LIBRARIES = YES;
				BUNDLE_LOADER = "$(TEST_HOST)";
				CODE_SIGN_STYLE = Automatic;
				CURRENT_PROJECT_VERSION = 1;
				DEVELOPMENT_TEAM = P5392P8M2S;
				GENERATE_INFOPLIST_FILE = YES;
				IPHONEOS_DEPLOYMENT_TARGET = 16.2;
				MARKETING_VERSION = 1.0;
				PRODUCT_BUNDLE_IDENTIFIER = toggle.mock.TogglMockTests;
				PRODUCT_NAME = "$(TARGET_NAME)";
				SWIFT_EMIT_LOC_STRINGS = NO;
				SWIFT_VERSION = 5.0;
				TARGETED_DEVICE_FAMILY = "1,2";
				TEST_HOST = "$(BUILT_PRODUCTS_DIR)/TogglMock.app/$(BUNDLE_EXECUTABLE_FOLDER_PATH)/TogglMock";
			};
			name = Debug;
		};
		4C30449629ACBE0E004F61DE /* Release */ = {
			isa = XCBuildConfiguration;
			buildSettings = {
				ALWAYS_EMBED_SWIFT_STANDARD_LIBRARIES = YES;
				BUNDLE_LOADER = "$(TEST_HOST)";
				CODE_SIGN_STYLE = Automatic;
				CURRENT_PROJECT_VERSION = 1;
				DEVELOPMENT_TEAM = P5392P8M2S;
				GENERATE_INFOPLIST_FILE = YES;
				IPHONEOS_DEPLOYMENT_TARGET = 16.2;
				MARKETING_VERSION = 1.0;
				PRODUCT_BUNDLE_IDENTIFIER = toggle.mock.TogglMockTests;
				PRODUCT_NAME = "$(TARGET_NAME)";
				SWIFT_EMIT_LOC_STRINGS = NO;
				SWIFT_VERSION = 5.0;
				TARGETED_DEVICE_FAMILY = "1,2";
				TEST_HOST = "$(BUILT_PRODUCTS_DIR)/TogglMock.app/$(BUNDLE_EXECUTABLE_FOLDER_PATH)/TogglMock";
			};
			name = Release;
		};
/* End XCBuildConfiguration section */

/* Begin XCConfigurationList section */
		4C30446829ACBE0D004F61DE /* Build configuration list for PBXProject "TogglMock" */ = {
			isa = XCConfigurationList;
			buildConfigurations = (
				4C30448F29ACBE0E004F61DE /* Debug */,
				4C30449029ACBE0E004F61DE /* Release */,
			);
			defaultConfigurationIsVisible = 0;
			defaultConfigurationName = Release;
		};
		4C30449129ACBE0E004F61DE /* Build configuration list for PBXNativeTarget "TogglMock" */ = {
			isa = XCConfigurationList;
			buildConfigurations = (
				4C30449229ACBE0E004F61DE /* Debug */,
				4C30449329ACBE0E004F61DE /* Release */,
			);
			defaultConfigurationIsVisible = 0;
			defaultConfigurationName = Release;
		};
		4C30449429ACBE0E004F61DE /* Build configuration list for PBXNativeTarget "TogglMockTests" */ = {
			isa = XCConfigurationList;
			buildConfigurations = (
				4C30449529ACBE0E004F61DE /* Debug */,
				4C30449629ACBE0E004F61DE /* Release */,
			);
			defaultConfigurationIsVisible = 0;
			defaultConfigurationName = Release;
		};
/* End XCConfigurationList section */
	};
	rootObject = 4C30446529ACBE0D004F61DE /* Project object */;
}
